
Microsoft Visual Studio Solution File, Format Version 12.00
# Visual Studio Version 16
VisualStudioVersion = 16.0.29123.88
MinimumVisualStudioVersion = 10.0.40219.1
Project("{FAE04EC0-301F-11D3-BF4B-00C04F79EFBC}") = "Altairis.UrlSigner", "Altairis.UrlSigner\Altairis.UrlSigner.csproj", "{8C7767DC-54F8-4009-BCA8-2F728CDD12A0}"
EndProject
Global
	GlobalSection(SolutionConfigurationPlatforms) = preSolution
		Debug|Any CPU = Debug|Any CPU
		Release|Any CPU = Release|Any CPU
	EndGlobalSection
	GlobalSection(ProjectConfigurationPlatforms) = postSolution
		{8C7767DC-54F8-4009-BCA8-2F728CDD12A0}.Debug|Any CPU.ActiveCfg = Debug|Any CPU
		{8C7767DC-54F8-4009-BCA8-2F728CDD12A0}.Debug|Any CPU.Build.0 = Debug|Any CPU
		{8C7767DC-54F8-4009-BCA8-2F728CDD12A0}.Release|Any CPU.ActiveCfg = Release|Any CPU
		{8C7767DC-54F8-4009-BCA8-2F728CDD12A0}.Release|Any CPU.Build.0 = Release|Any CPU
	EndGlobalSection
	GlobalSection(SolutionProperties) = preSolution
		HideSolutionNode = FALSE
	EndGlobalSection
	GlobalSection(ExtensibilityGlobals) = postSolution
		SolutionGuid = {D20E6402-D514-41EF-A868-9553509862FC}
	EndGlobalSection
EndGlobal
